<?xml version="1.0" encoding="utf-8"?>
<Project ToolsVersion="4.0" xmlns="http://schemas.microsoft.com/developer/msbuild/2003">
  <ItemGroup>
    <Filter Include="Source Files">
      <UniqueIdentifier>{CAA5692D-D21E-4807-A4CF-74702E845BE3}</UniqueIdentifier>
      <Extensions>cpp;c;cc;cxx;def;odl;idl;hpj;bat;asm;asmx</Extensions>
    </Filter>
    <Filter Include="Header Files">
      <UniqueIdentifier>{CF0EAFC9-1C72-4FAC-ABD1-3C7E459FE4FB}</UniqueIdentifier>
      <Extensions>h;hh;hpp;hxx;hm;inl;inc;xsd</Extensions>
    </Filter>
    <Filter Include="Resource Files">
      <UniqueIdentifier>{1233CAA1-6D6A-459F-A476-085EE65DA547}</UniqueIdentifier>
      <Extensions>rc;ico;cur;bmp;dlg;rc2;rct;bin;rgs;gif;jpg;jpeg;jpe;resx;tiff;tif;png;wav;mfcribbon-ms</Extensions>
    </Filter>
  </ItemGroup>
  <ItemGroup>
    <ClInclude Include="../Dictionary/stdafx.h">
      <Filter>Header Files</Filter>
    </ClInclude>
    <ClInclude Include="../Dictionary/targetver.h">
      <Filter>Header Files</Filter>
    </ClInclude>
    <ClInclude Include="../Dictionary/Dictionary.h">
      <Filter>Header Files</Filter>
    </ClInclude>
    <ClInclude Include="..\Dictionary\DictionaryPrivate.h">
      <Filter>Header Files</Filter>
    </ClInclude>
  </ItemGroup>
  <ItemGroup>
    <ClCompile Include="../Dictionary/stdafx.c">
      <Filter>Source Files</Filter>
    </ClCompile>
    <ClCompile Include="../Dictionary/Dictionary.c">
      <Filter>Source Files</Filter>
    </ClCompile>
    <ClCompile Include="..\Dictionary\BitmapTable.c">
      <Filter>Source Files</Filter>
    </ClCompile>
    <ClCompile Include="..\Dictionary\HistogramTable.c">
      <Filter>Source Files</Filter>
    </ClCompile>
  </ItemGroup>
  <!--
  <ItemGroup>
    <MASM Include="..\Rtl\__chkstk.s" Condition="'$(Platform)' == 'x64'">
      <Filter>Source Files</Filter>
    </MASM>
  </ItemGroup>
  -->
</Project>